dependencies:
  idf:
    source:
      type: idf
    version: 6.0.2
  u8g2:
    component_hash: 5838fbebdf68880f03b63d38be391171ffe57e72e246d4a31d0d06693e5ff85f
    dependencies: []
    source:
      git: https://github.com/olikraus/u8g2.git
      path: .
      type: git
    version: 924f3a9344210c3571fc4cac2b15eab055131ccd
direct_dependencies:
- idf
- u8g2
manifest_hash: a272b979f8069d3de17494bc18549f6255a5ceb278bfe1b26ccf483b323c21cc
target: esp32s3
version: 3.0.0
